PODS:
  - ScrollingStackViewController (4.2.0)

DEPENDENCIES:
  - ScrollingStackViewController (from `../`)

EXTERNAL SOURCES:
  ScrollingStackViewController:
    :path: "../"

SPEC CHECKSUMS:
  ScrollingStackViewController: 465495a25f461a9506cf5b3fe2681abbf7f3fc79

PODFILE CHECKSUM: 1107023c97aaa6562f2eb38595e37b1267bba2b1

COCOAPODS: 1.6.1
