PODS:
  - ScrollingStackViewController (2.1.0)

DEPENDENCIES:
  - ScrollingStackViewController (from `../`)

EXTERNAL SOURCES:
  ScrollingStackViewController:
    :path: ../

SPEC CHECKSUMS:
  ScrollingStackViewController: 928965047a97a911181d5fc5eebcff8d1f24274b

PODFILE CHECKSUM: 1107023c97aaa6562f2eb38595e37b1267bba2b1

COCOAPODS: 1.4.0
