PODS:
  - ScrollingStackViewController (6.0.0)

DEPENDENCIES:
  - ScrollingStackViewController (from `../`)

EXTERNAL SOURCES:
  ScrollingStackViewController:
    :path: "../"

SPEC CHECKSUMS:
  ScrollingStackViewController: b2c7184197705db2681c6071c6c5aecdde73569b

PODFILE CHECKSUM: 1b324814f8ab24f2809e6cdca5fafe1114859d00

COCOAPODS: 1.10.2
